
Microsoft Visual Studio Solution File, Format Version 12.00
# Visual Studio 15
VisualStudioVersion = 15.0.27703.2042
MinimumVisualStudioVersion = 10.0.40219.1
Project("{FAE04EC0-301F-11D3-BF4B-00C04F79EFBC}") = "WebApplication1", "WebApplication1\WebApplication1.csproj", "{E897ABF4-6261-4DB6-96D2-997C304ABBA1}"
EndProject
Global
	GlobalSection(SolutionConfigurationPlatforms) = preSolution
		Debug|Any CPU = Debug|Any CPU
		Release|Any CPU = Release|Any CPU
	EndGlobalSection
	GlobalSection(ProjectConfigurationPlatforms) = postSolution
		{E897ABF4-6261-4DB6-96D2-997C304ABBA1}.Debug|Any CPU.ActiveCfg = Debug|Any CPU
		{E897ABF4-6261-4DB6-96D2-997C304ABBA1}.Debug|Any CPU.Build.0 = Debug|Any CPU
		{E897ABF4-6261-4DB6-96D2-997C304ABBA1}.Release|Any CPU.ActiveCfg = Release|Any CPU
		{E897ABF4-6261-4DB6-96D2-997C304ABBA1}.Release|Any CPU.Build.0 = Release|Any CPU
	EndGlobalSection
	GlobalSection(SolutionProperties) = preSolution
		HideSolutionNode = FALSE
	EndGlobalSection
	GlobalSection(ExtensibilityGlobals) = postSolution
		SolutionGuid = {3135E5D2-2E9E-40F7-9A48-B988F3D42AE7}
	EndGlobalSection
EndGlobal
